// !$*UTF8*$!
{
	archiveVersion = 1;
	classes = {
	};
	objectVersion = 50;
	objects = {

/* Begin PBXBuildFile section */
		EC0008CC2681F6A300743FF7 /* Coordinator.swift in Sources */ = {isa = PBXBuildFile; fileRef = EC0008CB2681F6A300743FF7 /* Coordinator.swift */; };
		EC0008CF2681F7D800743FF7 /* Storyboarded.swift in Sources */ = {isa = PBXBuildFile; fileRef = EC0008CE2681F7D800743FF7 /* Storyboarded.swift */; };
		EC0008D22681F9C400743FF7 /* MainCoordinator.swift in Sources */ = {isa = PBXBuildFile; fileRef = EC0008D12681F9C400743FF7 /* MainCoordinator.swift */; };
		EC0008D62681FF7F00743FF7 /* StartViewController.storyboard in Resources */ = {isa = PBXBuildFile; fileRef = EC0008D52681FF7F00743FF7 /* StartViewController.storyboard */; };
		EC0008DA2682011500743FF7 /* StartViewController.swift in Sources */ = {isa = PBXBuildFile; fileRef = EC0008D92682011500743FF7 /* StartViewController.swift */; };
		EC0008E6268231C000743FF7 /* HomeViewController.storyboard in Resources */ = {isa = PBXBuildFile; fileRef = EC0008E5268231C000743FF7 /* HomeViewController.storyboard */; };
		EC0008E9268231D600743FF7 /* HomeViewController.swift in Sources */ = {isa = PBXBuildFile; fileRef = EC0008E8268231D600743FF7 /* HomeViewController.swift */; };
		ECA5CDE9267FB69B00726F9E /* AppDelegate.swift in Sources */ = {isa = PBXBuildFile; fileRef = ECA5CDE8267FB69B00726F9E /* AppDelegate.swift */; };
		ECA5CDEB267FB69B00726F9E /* SceneDelegate.swift in Sources */ = {isa = PBXBuildFile; fileRef = ECA5CDEA267FB69B00726F9E /* SceneDelegate.swift */; };
		ECA5CDED267FB69B00726F9E /* ViewController.swift in Sources */ = {isa = PBXBuildFile; fileRef = ECA5CDEC267FB69B00726F9E /* ViewController.swift */; };
		ECA5CDF0267FB69B00726F9E /* Main.storyboard in Resources */ = {isa = PBXBuildFile; fileRef = ECA5CDEE267FB69B00726F9E /* Main.storyboard */; };
		ECA5CDF2267FB69C00726F9E /* Assets.xcassets in Resources */ = {isa = PBXBuildFile; fileRef = ECA5CDF1267FB69C00726F9E /* Assets.xcassets */; };
		ECA5CDF5267FB69C00726F9E /* LaunchScreen.storyboard in Resources */ = {isa = PBXBuildFile; fileRef = ECA5CDF3267FB69C00726F9E /* LaunchScreen.storyboard */; };
/* End PBXBuildFile section */

/* Begin PBXFileReference section */
		EC0008CB2681F6A300743FF7 /* Coordinator.swift */ = {isa = PBXFileReference; lastKnownFileType = sourcecode.swift; path = Coordinator.swift; sourceTree = "<group>"; };
		EC0008CE2681F7D800743FF7 /* Storyboarded.swift */ = {isa = PBXFileReference; lastKnownFileType = sourcecode.swift; path = Storyboarded.swift; sourceTree = "<group>"; };
		EC0008D12681F9C400743FF7 /* MainCoordinator.swift */ = {isa = PBXFileReference; lastKnownFileType = sourcecode.swift; path = MainCoordinator.swift; sourceTree = "<group>"; };
		EC0008D52681FF7F00743FF7 /* StartViewController.storyboard */ = {isa = PBXFileReference; lastKnownFileType = file.storyboard; path = StartViewController.storyboard; sourceTree = "<group>"; };
		EC0008D92682011500743FF7 /* StartViewController.swift */ = {isa = PBXFileReference; lastKnownFileType = sourcecode.swift; path = StartViewController.swift; sourceTree = "<group>"; };
		EC0008E5268231C000743FF7 /* HomeViewController.storyboard */ = {isa = PBXFileReference; lastKnownFileType = file.storyboard; path = HomeViewController.storyboard; sourceTree = "<group>"; };
		EC0008E8268231D600743FF7 /* HomeViewController.swift */ = {isa = PBXFileReference; lastKnownFileType = sourcecode.swift; path = HomeViewController.swift; sourceTree = "<group>"; };
		ECA5CDE5267FB69B00726F9E /* FitnessPet.app */ = {isa = PBXFileReference; explicitFileType = wrapper.application; includeInIndex = 0; path = FitnessPet.app; sourceTree = BUILT_PRODUCTS_DIR; };
		ECA5CDE8267FB69B00726F9E /* AppDelegate.swift */ = {isa = PBXFileReference; lastKnownFileType = sourcecode.swift; path = AppDelegate.swift; sourceTree = "<group>"; };
		ECA5CDEA267FB69B00726F9E /* SceneDelegate.swift */ = {isa = PBXFileReference; lastKnownFileType = sourcecode.swift; path = SceneDelegate.swift; sourceTree = "<group>"; };
		ECA5CDEC267FB69B00726F9E /* ViewController.swift */ = {isa = PBXFileReference; lastKnownFileType = sourcecode.swift; path = ViewController.swift; sourceTree = "<group>"; };
		ECA5CDEF267FB69B00726F9E /* Base */ = {isa = PBXFileReference; lastKnownFileType = file.storyboard; name = Base; path = Base.lproj/Main.storyboard; sourceTree = "<group>"; };
		ECA5CDF1267FB69C00726F9E /* Assets.xcassets */ = {isa = PBXFileReference; lastKnownFileType = folder.assetcatalog; path = Assets.xcassets; sourceTree = "<group>"; };
		ECA5CDF4267FB69C00726F9E /* Base */ = {isa = PBXFileReference; lastKnownFileType = file.storyboard; name = Base; path = Base.lproj/LaunchScreen.storyboard; sourceTree = "<group>"; };
		ECA5CDF6267FB69C00726F9E /* Info.plist */ = {isa = PBXFileReference; lastKnownFileType = text.plist.xml; path = Info.plist; sourceTree = "<group>"; };
/* End PBXFileReference section */

/* Begin PBXFrameworksBuildPhase section */
		ECA5CDE2267FB69B00726F9E /* Frameworks */ = {
			isa = PBXFrameworksBuildPhase;
			buildActionMask = 2147483647;
			files = (
			);
			runOnlyForDeploymentPostprocessing = 0;
		};
/* End PBXFrameworksBuildPhase section */

/* Begin PBXGroup section */
		EC0008DC2682035500743FF7 /* Storyboards */ = {
			isa = PBXGroup;
			children = (
				ECA5CDF3267FB69C00726F9E /* LaunchScreen.storyboard */,
				ECA5CDEE267FB69B00726F9E /* Main.storyboard */,
				EC0008D52681FF7F00743FF7 /* StartViewController.storyboard */,
				EC0008E5268231C000743FF7 /* HomeViewController.storyboard */,
			);
			path = Storyboards;
			sourceTree = "<group>";
		};
		EC0008DD2682036C00743FF7 /* ViewControllers */ = {
			isa = PBXGroup;
			children = (
				ECA5CDEC267FB69B00726F9E /* ViewController.swift */,
				EC0008D92682011500743FF7 /* StartViewController.swift */,
				EC0008E8268231D600743FF7 /* HomeViewController.swift */,
			);
			path = ViewControllers;
			sourceTree = "<group>";
		};
		EC8EF0B62682720D00E3A601 /* Presentation */ = {
			isa = PBXGroup;
			children = (
				EC8EF0B82682724A00E3A601 /* Coordinators */,
				EC0008DD2682036C00743FF7 /* ViewControllers */,
				EC0008DC2682035500743FF7 /* Storyboards */,
			);
			path = Presentation;
			sourceTree = "<group>";
		};
		EC8EF0B72682722700E3A601 /* Protocols */ = {
			isa = PBXGroup;
			children = (
				EC0008CB2681F6A300743FF7 /* Coordinator.swift */,
				EC0008CE2681F7D800743FF7 /* Storyboarded.swift */,
			);
			path = Protocols;
			sourceTree = "<group>";
		};
		EC8EF0B82682724A00E3A601 /* Coordinators */ = {
			isa = PBXGroup;
			children = (
				EC0008D12681F9C400743FF7 /* MainCoordinator.swift */,
			);
			path = Coordinators;
			sourceTree = "<group>";
		};
		EC8EF0B9268272CC00E3A601 /* Resources */ = {
			isa = PBXGroup;
			children = (
				ECA5CDF1267FB69C00726F9E /* Assets.xcassets */,
			);
			path = Resources;
			sourceTree = "<group>";
		};
		ECA5CDDC267FB69B00726F9E = {
			isa = PBXGroup;
			children = (
				ECA5CDE7267FB69B00726F9E /* FitnessPet */,
				ECA5CDE6267FB69B00726F9E /* Products */,
			);
			sourceTree = "<group>";
		};
		ECA5CDE6267FB69B00726F9E /* Products */ = {
			isa = PBXGroup;
			children = (
				ECA5CDE5267FB69B00726F9E /* FitnessPet.app */,
			);
			name = Products;
			sourceTree = "<group>";
		};
		ECA5CDE7267FB69B00726F9E /* FitnessPet */ = {
			isa = PBXGroup;
			children = (
				ECA5CDE8267FB69B00726F9E /* AppDelegate.swift */,
				ECA5CDEA267FB69B00726F9E /* SceneDelegate.swift */,
				ECA5CDF6267FB69C00726F9E /* Info.plist */,
				EC8EF0B72682722700E3A601 /* Protocols */,
				EC8EF0B62682720D00E3A601 /* Presentation */,
				EC8EF0B9268272CC00E3A601 /* Resources */,
			);
			path = FitnessPet;
			sourceTree = "<group>";
		};
/* End PBXGroup section */

/* Begin PBXNativeTarget section */
		ECA5CDE4267FB69B00726F9E /* FitnessPet */ = {
			isa = PBXNativeTarget;
			buildConfigurationList = ECA5CDF9267FB69C00726F9E /* Build configuration list for PBXNativeTarget "FitnessPet" */;
			buildPhases = (
				ECA5CDE1267FB69B00726F9E /* Sources */,
				ECA5CDE2267FB69B00726F9E /* Frameworks */,
				ECA5CDE3267FB69B00726F9E /* Resources */,
			);
			buildRules = (
			);
			dependencies = (
			);
			name = FitnessPet;
			productName = FitnessPet;
			productReference = ECA5CDE5267FB69B00726F9E /* FitnessPet.app */;
			productType = "com.apple.product-type.application";
		};
/* End PBXNativeTarget section */

/* Begin PBXProject section */
		ECA5CDDD267FB69B00726F9E /* Project object */ = {
			isa = PBXProject;
			attributes = {
				LastSwiftUpdateCheck = 1240;
				LastUpgradeCheck = 1240;
				TargetAttributes = {
					ECA5CDE4267FB69B00726F9E = {
						CreatedOnToolsVersion = 12.4;
					};
				};
			};
			buildConfigurationList = ECA5CDE0267FB69B00726F9E /* Build configuration list for PBXProject "FitnessPet" */;
			compatibilityVersion = "Xcode 9.3";
			developmentRegion = en;
			hasScannedForEncodings = 0;
			knownRegions = (
				en,
				Base,
			);
			mainGroup = ECA5CDDC267FB69B00726F9E;
			productRefGroup = ECA5CDE6267FB69B00726F9E /* Products */;
			projectDirPath = "";
			projectRoot = "";
			targets = (
				ECA5CDE4267FB69B00726F9E /* FitnessPet */,
			);
		};
/* End PBXProject section */

/* Begin PBXResourcesBuildPhase section */
		ECA5CDE3267FB69B00726F9E /* Resources */ = {
			isa = PBXResourcesBuildPhase;
			buildActionMask = 2147483647;
			files = (
				EC0008E6268231C000743FF7 /* HomeViewController.storyboard in Resources */,
				EC0008D62681FF7F00743FF7 /* StartViewController.storyboard in Resources */,
				ECA5CDF5267FB69C00726F9E /* LaunchScreen.storyboard in Resources */,
				ECA5CDF2267FB69C00726F9E /* Assets.xcassets in Resources */,
				ECA5CDF0267FB69B00726F9E /* Main.storyboard in Resources */,
			);
			runOnlyForDeploymentPostprocessing = 0;
		};
/* End PBXResourcesBuildPhase section */

/* Begin PBXSourcesBuildPhase section */
		ECA5CDE1267FB69B00726F9E /* Sources */ = {
			isa = PBXSourcesBuildPhase;
			buildActionMask = 2147483647;
			files = (
				EC0008CC2681F6A300743FF7 /* Coordinator.swift in Sources */,
				EC0008DA2682011500743FF7 /* StartViewController.swift in Sources */,
				EC0008D22681F9C400743FF7 /* MainCoordinator.swift in Sources */,
				EC0008E9268231D600743FF7 /* HomeViewController.swift in Sources */,
				ECA5CDED267FB69B00726F9E /* ViewController.swift in Sources */,
				EC0008CF2681F7D800743FF7 /* Storyboarded.swift in Sources */,
				ECA5CDE9267FB69B00726F9E /* AppDelegate.swift in Sources */,
				ECA5CDEB267FB69B00726F9E /* SceneDelegate.swift in Sources */,
			);
			runOnlyForDeploymentPostprocessing = 0;
		};
/* End PBXSourcesBuildPhase section */

/* Begin PBXVariantGroup section */
		ECA5CDEE267FB69B00726F9E /* Main.storyboard */ = {
			isa = PBXVariantGroup;
			children = (
				ECA5CDEF267FB69B00726F9E /* Base */,
			);
			name = Main.storyboard;
			sourceTree = "<group>";
		};
		ECA5CDF3267FB69C00726F9E /* LaunchScreen.storyboard */ = {
			isa = PBXVariantGroup;
			children = (
				ECA5CDF4267FB69C00726F9E /* Base */,
			);
			name = LaunchScreen.storyboard;
			sourceTree = "<group>";
		};
/* End PBXVariantGroup section */

/* Begin XCBuildConfiguration section */
		ECA5CDF7267FB69C00726F9E /* Debug */ = {
			isa = XCBuildConfiguration;
			buildSettings = {
				ALWAYS_SEARCH_USER_PATHS = NO;
				CLANG_ANALYZER_NONNULL = YES;
				CLANG_ANALYZER_NUMBER_OBJECT_CONVERSION = YES_AGGRESSIVE;
				CLANG_CXX_LANGUAGE_STANDARD = "gnu++14";
				CLANG_CXX_LIBRARY = "libc++";
				CLANG_ENABLE_MODULES = YES;
				CLANG_ENABLE_OBJC_ARC = YES;
				CLANG_ENABLE_OBJC_WEAK = YES;
				CLANG_WARN_BLOCK_CAPTURE_AUTORELEASING = YES;
				CLANG_WARN_BOOL_CONVERSION = YES;
				CLANG_WARN_COMMA = YES;
				CLANG_WARN_CONSTANT_CONVERSION = YES;
				CLANG_WARN_DEPRECATED_OBJC_IMPLEMENTATIONS = YES;
				CLANG_WARN_DIRECT_OBJC_ISA_USAGE = YES_ERROR;
				CLANG_WARN_DOCUMENTATION_COMMENTS = YES;
				CLANG_WARN_EMPTY_BODY = YES;
				CLANG_WARN_ENUM_CONVERSION = YES;
				CLANG_WARN_INFINITE_RECURSION = YES;
				CLANG_WARN_INT_CONVERSION = YES;
				CLANG_WARN_NON_LITERAL_NULL_CONVERSION = YES;
				CLANG_WARN_OBJC_IMPLICIT_RETAIN_SELF = YES;
				CLANG_WARN_OBJC_LITERAL_CONVERSION = YES;
				CLANG_WARN_OBJC_ROOT_CLASS = YES_ERROR;
				CLANG_WARN_QUOTED_INCLUDE_IN_FRAMEWORK_HEADER = YES;
				CLANG_WARN_RANGE_LOOP_ANALYSIS = YES;
				CLANG_WARN_STRICT_PROTOTYPES = YES;
				CLANG_WARN_SUSPICIOUS_MOVE = YES;
				CLANG_WARN_UNGUARDED_AVAILABILITY = YES_AGGRESSIVE;
				CLANG_WARN_UNREACHABLE_CODE = YES;
				CLANG_WARN__DUPLICATE_METHOD_MATCH = YES;
				COPY_PHASE_STRIP = NO;
				DEBUG_INFORMATION_FORMAT = dwarf;
				ENABLE_STRICT_OBJC_MSGSEND = YES;
				ENABLE_TESTABILITY = YES;
				GCC_C_LANGUAGE_STANDARD = gnu11;
				GCC_DYNAMIC_NO_PIC = NO;
				GCC_NO_COMMON_BLOCKS = YES;
				GCC_OPTIMIZATION_LEVEL = 0;
				GCC_PREPROCESSOR_DEFINITIONS = (
					"DEBUG=1",
					"$(inherited)",
				);
				GCC_WARN_64_TO_32_BIT_CONVERSION = YES;
				GCC_WARN_ABOUT_RETURN_TYPE = YES_ERROR;
				GCC_WARN_UNDECLARED_SELECTOR = YES;
				GCC_WARN_UNINITIALIZED_AUTOS = YES_AGGRESSIVE;
				GCC_WARN_UNUSED_FUNCTION = YES;
				GCC_WARN_UNUSED_VARIABLE = YES;
				IPHONEOS_DEPLOYMENT_TARGET = 14.4;
				MTL_ENABLE_DEBUG_INFO = INCLUDE_SOURCE;
				MTL_FAST_MATH = YES;
				ONLY_ACTIVE_ARCH = YES;
				SDKROOT = iphoneos;
				SWIFT_ACTIVE_COMPILATION_CONDITIONS = DEBUG;
				SWIFT_OPTIMIZATION_LEVEL = "-Onone";
			};
			name = Debug;
		};
		ECA5CDF8267FB69C00726F9E /* Release */ = {
			isa = XCBuildConfiguration;
			buildSettings = {
				ALWAYS_SEARCH_USER_PATHS = NO;
				CLANG_ANALYZER_NONNULL = YES;
				CLANG_ANALYZER_NUMBER_OBJECT_CONVERSION = YES_AGGRESSIVE;
				CLANG_CXX_LANGUAGE_STANDARD = "gnu++14";
				CLANG_CXX_LIBRARY = "libc++";
				CLANG_ENABLE_MODULES = YES;
				CLANG_ENABLE_OBJC_ARC = YES;
				CLANG_ENABLE_OBJC_WEAK = YES;
				CLANG_WARN_BLOCK_CAPTURE_AUTORELEASING = YES;
				CLANG_WARN_BOOL_CONVERSION = YES;
				CLANG_WARN_COMMA = YES;
				CLANG_WARN_CONSTANT_CONVERSION = YES;
				CLANG_WARN_DEPRECATED_OBJC_IMPLEMENTATIONS = YES;
				CLANG_WARN_DIRECT_OBJC_ISA_USAGE = YES_ERROR;
				CLANG_WARN_DOCUMENTATION_COMMENTS = YES;
				CLANG_WARN_EMPTY_BODY = YES;
				CLANG_WARN_ENUM_CONVERSION = YES;
				CLANG_WARN_INFINITE_RECURSION = YES;
				CLANG_WARN_INT_CONVERSION = YES;
				CLANG_WARN_NON_LITERAL_NULL_CONVERSION = YES;
				CLANG_WARN_OBJC_IMPLICIT_RETAIN_SELF = YES;
				CLANG_WARN_OBJC_LITERAL_CONVERSION = YES;
				CLANG_WARN_OBJC_ROOT_CLASS = YES_ERROR;
				CLANG_WARN_QUOTED_INCLUDE_IN_FRAMEWORK_HEADER = YES;
				CLANG_WARN_RANGE_LOOP_ANALYSIS = YES;
				CLANG_WARN_STRICT_PROTOTYPES = YES;
				CLANG_WARN_SUSPICIOUS_MOVE = YES;
				CLANG_WARN_UNGUARDED_AVAILABILITY = YES_AGGRESSIVE;
				CLANG_WARN_UNREACHABLE_CODE = YES;
				CLANG_WARN__DUPLICATE_METHOD_MATCH = YES;
				COPY_PHASE_STRIP = NO;
				DEBUG_INFORMATION_FORMAT = "dwarf-with-dsym";
				ENABLE_NS_ASSERTIONS = NO;
				ENABLE_STRICT_OBJC_MSGSEND = YES;
				GCC_C_LANGUAGE_STANDARD = gnu11;
				GCC_NO_COMMON_BLOCKS = YES;
				GCC_WARN_64_TO_32_BIT_CONVERSION = YES;
				GCC_WARN_ABOUT_RETURN_TYPE = YES_ERROR;
				GCC_WARN_UNDECLARED_SELECTOR = YES;
				GCC_WARN_UNINITIALIZED_AUTOS = YES_AGGRESSIVE;
				GCC_WARN_UNUSED_FUNCTION = YES;
				GCC_WARN_UNUSED_VARIABLE = YES;
				IPHONEOS_DEPLOYMENT_TARGET = 14.4;
				MTL_ENABLE_DEBUG_INFO = NO;
				MTL_FAST_MATH = YES;
				SDKROOT = iphoneos;
				SWIFT_COMPILATION_MODE = wholemodule;
				SWIFT_OPTIMIZATION_LEVEL = "-O";
				VALIDATE_PRODUCT = YES;
			};
			name = Release;
		};
		ECA5CDFA267FB69C00726F9E /* Debug */ = {
			isa = XCBuildConfiguration;
			buildSettings = {
				ASSETCATALOG_COMPILER_APPICON_NAME = AppIcon;
				ASSETCATALOG_COMPILER_GLOBAL_ACCENT_COLOR_NAME = AccentColor;
				CODE_SIGN_STYLE = Automatic;
				INFOPLIST_FILE = FitnessPet/Info.plist;
				LD_RUNPATH_SEARCH_PATHS = (
					"$(inherited)",
					"@executable_path/Frameworks",
				);
				PRODUCT_BUNDLE_IDENTIFIER = com.karalash.FitnessPet;
				PRODUCT_NAME = "$(TARGET_NAME)";
				SWIFT_VERSION = 5.0;
				TARGETED_DEVICE_FAMILY = "1,2";
			};
			name = Debug;
		};
		ECA5CDFB267FB69C00726F9E /* Release */ = {
			isa = XCBuildConfiguration;
			buildSettings = {
				ASSETCATALOG_COMPILER_APPICON_NAME = AppIcon;
				ASSETCATALOG_COMPILER_GLOBAL_ACCENT_COLOR_NAME = AccentColor;
				CODE_SIGN_STYLE = Automatic;
				INFOPLIST_FILE = FitnessPet/Info.plist;
				LD_RUNPATH_SEARCH_PATHS = (
					"$(inherited)",
					"@executable_path/Frameworks",
				);
				PRODUCT_BUNDLE_IDENTIFIER = com.karalash.FitnessPet;
				PRODUCT_NAME = "$(TARGET_NAME)";
				SWIFT_VERSION = 5.0;
				TARGETED_DEVICE_FAMILY = "1,2";
			};
			name = Release;
		};
/* End XCBuildConfiguration section */

/* Begin XCConfigurationList section */
		ECA5CDE0267FB69B00726F9E /* Build configuration list for PBXProject "FitnessPet" */ = {
			isa = XCConfigurationList;
			buildConfigurations = (
				ECA5CDF7267FB69C00726F9E /* Debug */,
				ECA5CDF8267FB69C00726F9E /* Release */,
			);
			defaultConfigurationIsVisible = 0;
			defaultConfigurationName = Release;
		};
		ECA5CDF9267FB69C00726F9E /* Build configuration list for PBXNativeTarget "FitnessPet" */ = {
			isa = XCConfigurationList;
			buildConfigurations = (
				ECA5CDFA267FB69C00726F9E /* Debug */,
				ECA5CDFB267FB69C00726F9E /* Release */,
			);
			defaultConfigurationIsVisible = 0;
			defaultConfigurationName = Release;
		};
/* End XCConfigurationList section */
	};
	rootObject = ECA5CDDD267FB69B00726F9E /* Project object */;
}
